
Microsoft Visual Studio Solution File, Format Version 9.00
# Visual Studio 2005
Project("{FAE04EC0-301F-11D3-BF4B-00C04F79EFBC}") = "SimpleDelegate", "..\SimpleDelegate\SimpleDelegate.csproj", "{71AD8DF8-3E33-42DF-9922-9A1D4CC84D2C}"
EndProject
Project("{FAE04EC0-301F-11D3-BF4B-00C04F79EFBC}") = "delegados", "..\..\demos para cursos\delesgados\delegados\delegados\delegados.csproj", "{02118669-64B8-449D-94EF-CDFD8FD9E443}"
EndProject
Project("{FAE04EC0-301F-11D3-BF4B-00C04F79EFBC}") = "SimpleDelegate2", "..\SimpleDelegate2\SimpleDelegate2.csproj", "{89FD46CE-4CEF-4EDD-BB0D-531847A7F72A}"
EndProject
Project("{FAE04EC0-301F-11D3-BF4B-00C04F79EFBC}") = "DelegateCS", "..\DelegateCS\DelegateCS.csproj", "{100BE829-F02B-431C-802B-FFE4D049E6CB}"
EndProject
Project("{FAE04EC0-301F-11D3-BF4B-00C04F79EFBC}") = "TPWindowsDelegados", "..\TPWindowsDelegados\TPWindowsDelegados.csproj", "{43B4F3C9-34FD-4B16-AA9D-3117AC402216}"
EndProject
Project("{FAE04EC0-301F-11D3-BF4B-00C04F79EFBC}") = "DelegateCSII", "..\DelegateCSII\DelegateCSII.csproj", "{4DCA5AF1-3D0C-4500-9007-1B8E21356B94}"
EndProject
Project("{FAE04EC0-301F-11D3-BF4B-00C04F79EFBC}") = "ConsoleEvents", "..\ConsoleEvents\ConsoleEvents.csproj", "{19869EFD-3FE6-4732-8B88-27F459309CED}"
EndProject
Project("{FAE04EC0-301F-11D3-BF4B-00C04F79EFBC}") = "ConsoleManejoEventos", "..\ConsoleManejoEventos\ConsoleManejoEventos.csproj", "{E6198F66-D7B9-4FF8-89B1-15C0FBA7A53B}"
EndProject
Global
	GlobalSection(SolutionConfigurationPlatforms) = preSolution
		Debug|Any CPU = Debug|Any CPU
		Release|Any CPU = Release|Any CPU
	EndGlobalSection
	GlobalSection(ProjectConfigurationPlatforms) = postSolution
		{71AD8DF8-3E33-42DF-9922-9A1D4CC84D2C}.Debug|Any CPU.ActiveCfg = Debug|Any CPU
		{71AD8DF8-3E33-42DF-9922-9A1D4CC84D2C}.Debug|Any CPU.Build.0 = Debug|Any CPU
		{71AD8DF8-3E33-42DF-9922-9A1D4CC84D2C}.Release|Any CPU.ActiveCfg = Release|Any CPU
		{71AD8DF8-3E33-42DF-9922-9A1D4CC84D2C}.Release|Any CPU.Build.0 = Release|Any CPU
		{02118669-64B8-449D-94EF-CDFD8FD9E443}.Debug|Any CPU.ActiveCfg = Debug|Any CPU
		{02118669-64B8-449D-94EF-CDFD8FD9E443}.Debug|Any CPU.Build.0 = Debug|Any CPU
		{02118669-64B8-449D-94EF-CDFD8FD9E443}.Release|Any CPU.ActiveCfg = Release|Any CPU
		{02118669-64B8-449D-94EF-CDFD8FD9E443}.Release|Any CPU.Build.0 = Release|Any CPU
		{89FD46CE-4CEF-4EDD-BB0D-531847A7F72A}.Debug|Any CPU.ActiveCfg = Debug|Any CPU
		{89FD46CE-4CEF-4EDD-BB0D-531847A7F72A}.Debug|Any CPU.Build.0 = Debug|Any CPU
		{89FD46CE-4CEF-4EDD-BB0D-531847A7F72A}.Release|Any CPU.ActiveCfg = Release|Any CPU
		{89FD46CE-4CEF-4EDD-BB0D-531847A7F72A}.Release|Any CPU.Build.0 = Release|Any CPU
		{100BE829-F02B-431C-802B-FFE4D049E6CB}.Debug|Any CPU.ActiveCfg = Debug|Any CPU
		{100BE829-F02B-431C-802B-FFE4D049E6CB}.Debug|Any CPU.Build.0 = Debug|Any CPU
		{100BE829-F02B-431C-802B-FFE4D049E6CB}.Release|Any CPU.ActiveCfg = Release|Any CPU
		{100BE829-F02B-431C-802B-FFE4D049E6CB}.Release|Any CPU.Build.0 = Release|Any CPU
		{43B4F3C9-34FD-4B16-AA9D-3117AC402216}.Debug|Any CPU.ActiveCfg = Debug|Any CPU
		{43B4F3C9-34FD-4B16-AA9D-3117AC402216}.Debug|Any CPU.Build.0 = Debug|Any CPU
		{43B4F3C9-34FD-4B16-AA9D-3117AC402216}.Release|Any CPU.ActiveCfg = Release|Any CPU
		{43B4F3C9-34FD-4B16-AA9D-3117AC402216}.Release|Any CPU.Build.0 = Release|Any CPU
		{4DCA5AF1-3D0C-4500-9007-1B8E21356B94}.Debug|Any CPU.ActiveCfg = Debug|Any CPU
		{4DCA5AF1-3D0C-4500-9007-1B8E21356B94}.Debug|Any CPU.Build.0 = Debug|Any CPU
		{4DCA5AF1-3D0C-4500-9007-1B8E21356B94}.Release|Any CPU.ActiveCfg = Release|Any CPU
		{4DCA5AF1-3D0C-4500-9007-1B8E21356B94}.Release|Any CPU.Build.0 = Release|Any CPU
		{19869EFD-3FE6-4732-8B88-27F459309CED}.Debug|Any CPU.ActiveCfg = Debug|Any CPU
		{19869EFD-3FE6-4732-8B88-27F459309CED}.Debug|Any CPU.Build.0 = Debug|Any CPU
		{19869EFD-3FE6-4732-8B88-27F459309CED}.Release|Any CPU.ActiveCfg = Release|Any CPU
		{19869EFD-3FE6-4732-8B88-27F459309CED}.Release|Any CPU.Build.0 = Release|Any CPU
		{E6198F66-D7B9-4FF8-89B1-15C0FBA7A53B}.Debug|Any CPU.ActiveCfg = Debug|Any CPU
		{E6198F66-D7B9-4FF8-89B1-15C0FBA7A53B}.Debug|Any CPU.Build.0 = Debug|Any CPU
		{E6198F66-D7B9-4FF8-89B1-15C0FBA7A53B}.Release|Any CPU.ActiveCfg = Release|Any CPU
		{E6198F66-D7B9-4FF8-89B1-15C0FBA7A53B}.Release|Any CPU.Build.0 = Release|Any CPU
	EndGlobalSection
	GlobalSection(SolutionProperties) = preSolution
		HideSolutionNode = FALSE
	EndGlobalSection
EndGlobal
