
Microsoft Visual Studio Solution File, Format Version 10.00
# Visual Studio 2008
Project("{FAE04EC0-301F-11D3-BF4B-00C04F79EFBC}") = "FileSystemWatcher", "FileSystemWatcher\FileSystemWatcher.csproj", "{0A91FE23-76B8-436C-95A5-E946B1E5F1CD}"
EndProject
Project("{FAE04EC0-301F-11D3-BF4B-00C04F79EFBC}") = "AWMonitor", "AWMonitor\AWMonitor.csproj", "{388D027B-C4E2-4344-93E1-433093736FDD}"
EndProject
Global
	GlobalSection(SolutionConfigurationPlatforms) = preSolution
		Debug|Any CPU = Debug|Any CPU
		Release|Any CPU = Release|Any CPU
	EndGlobalSection
	GlobalSection(ProjectConfigurationPlatforms) = postSolution
		{0A91FE23-76B8-436C-95A5-E946B1E5F1CD}.Debug|Any CPU.ActiveCfg = Debug|Any CPU
		{0A91FE23-76B8-436C-95A5-E946B1E5F1CD}.Debug|Any CPU.Build.0 = Debug|Any CPU
		{0A91FE23-76B8-436C-95A5-E946B1E5F1CD}.Release|Any CPU.ActiveCfg = Release|Any CPU
		{0A91FE23-76B8-436C-95A5-E946B1E5F1CD}.Release|Any CPU.Build.0 = Release|Any CPU
		{388D027B-C4E2-4344-93E1-433093736FDD}.Debug|Any CPU.ActiveCfg = Debug|Any CPU
		{388D027B-C4E2-4344-93E1-433093736FDD}.Debug|Any CPU.Build.0 = Debug|Any CPU
		{388D027B-C4E2-4344-93E1-433093736FDD}.Release|Any CPU.ActiveCfg = Release|Any CPU
		{388D027B-C4E2-4344-93E1-433093736FDD}.Release|Any CPU.Build.0 = Release|Any CPU
	EndGlobalSection
	GlobalSection(SolutionProperties) = preSolution
		HideSolutionNode = FALSE
	EndGlobalSection
EndGlobal
